PODS:
  - flutter_local_notifications (0.0.1):
    - FlutterMacOS
  - FlutterMacOS (1.0.0)
  - Protobuf (3.29.5)
  - reactive_ble_mobile (0.0.1):
    - Flutter
    - FlutterMacOS
    - Protobuf (~> 3.5)
    - SwiftProtobuf (~> 1.0)
  - shared_preferences_foundation (0.0.1):
    - Flutter
    - FlutterMacOS
  - SwiftProtobuf (1.31.0)

DEPENDENCIES:
  - flutter_local_notifications (from `Flutter/ephemeral/.symlinks/plugins/flutter_local_notifications/macos`)
  - FlutterMacOS (from `Flutter/ephemeral`)
  - reactive_ble_mobile (from `Flutter/ephemeral/.symlinks/plugins/reactive_ble_mobile/darwin`)
  - shared_preferences_foundation (from `Flutter/ephemeral/.symlinks/plugins/shared_preferences_foundation/darwin`)

SPEC REPOS:
  trunk:
    - Protobuf
    - SwiftProtobuf

EXTERNAL SOURCES:
  flutter_local_notifications:
    :path: Flutter/ephemeral/.symlinks/plugins/flutter_local_notifications/macos
  FlutterMacOS:
    :path: Flutter/ephemeral
  reactive_ble_mobile:
    :path: Flutter/ephemeral/.symlinks/plugins/reactive_ble_mobile/darwin
  shared_preferences_foundation:
    :path: Flutter/ephemeral/.symlinks/plugins/shared_preferences_foundation/darwin

SPEC CHECKSUMS:
  flutter_local_notifications: 13862b132e32eb858dea558a86d45d08daeacfe7
  FlutterMacOS: d0db08ddef1a9af05a5ec4b724367152bb0500b1
  Protobuf: 164aea2ae380c3951abdc3e195220c01d17400e0
  reactive_ble_mobile: ea97709e18fa6f0b0592909725d7ae7e1c595b64
  shared_preferences_foundation: 9e1978ff2562383bd5676f64ec4e9aa8fa06a6f7
  SwiftProtobuf: caa61117d9a5eeb60a52375f6685991a1fd4bd7b

PODFILE CHECKSUM: 54d867c82ac51cbd61b565781b9fada492027009

COCOAPODS: 1.16.2
